// !$*UTF8*$!
{
	archiveVersion = 1;
	classes = {
	};
	objectVersion = 50;
	objects = {

/* Begin PBXBuildFile section */
		9520EA03251B404B00420BD0 /* WidgetInSwiftUIApp.swift in Sources */ = {isa = PBXBuildFile; fileRef = 9520EA02251B404B00420BD0 /* WidgetInSwiftUIApp.swift */; };
		9520EA05251B404B00420BD0 /* ContentView.swift in Sources */ = {isa = PBXBuildFile; fileRef = 9520EA04251B404B00420BD0 /* ContentView.swift */; };
		9520EA07251B405000420BD0 /* Assets.xcassets in Resources */ = {isa = PBXBuildFile; fileRef = 9520EA06251B405000420BD0 /* Assets.xcassets */; };
		9520EA0A251B405000420BD0 /* Preview Assets.xcassets in Resources */ = {isa = PBXBuildFile; fileRef = 9520EA09251B405000420BD0 /* Preview Assets.xcassets */; };
		9520EA19251B415600420BD0 /* WidgetKit.framework in Frameworks */ = {isa = PBXBuildFile; fileRef = 9520EA18251B415600420BD0 /* WidgetKit.framework */; };
		9520EA1B251B415600420BD0 /* SwiftUI.framework in Frameworks */ = {isa = PBXBuildFile; fileRef = 9520EA1A251B415600420BD0 /* SwiftUI.framework */; };
		9520EA1E251B415600420BD0 /* SImpleWidget.swift in Sources */ = {isa = PBXBuildFile; fileRef = 9520EA1D251B415600420BD0 /* SImpleWidget.swift */; };
		9520EA20251B415800420BD0 /* Assets.xcassets in Resources */ = {isa = PBXBuildFile; fileRef = 9520EA1F251B415800420BD0 /* Assets.xcassets */; };
		9520EA24251B415800420BD0 /* SImpleWidgetExtension.appex in Embed App Extensions */ = {isa = PBXBuildFile; fileRef = 9520EA16251B415500420BD0 /* SImpleWidgetExtension.appex */; settings = {ATTRIBUTES = (RemoveHeadersOnCopy, ); }; };
/* End PBXBuildFile section */

/* Begin PBXContainerItemProxy section */
		9520EA22251B415800420BD0 /* PBXContainerItemProxy */ = {
			isa = PBXContainerItemProxy;
			containerPortal = 9520E9F7251B404B00420BD0 /* Project object */;
			proxyType = 1;
			remoteGlobalIDString = 9520EA15251B415500420BD0;
			remoteInfo = SImpleWidgetExtension;
		};
/* End PBXContainerItemProxy section */

/* Begin PBXCopyFilesBuildPhase section */
		9520EA28251B415800420BD0 /* Embed App Extensions */ = {
			isa = PBXCopyFilesBuildPhase;
			buildActionMask = 2147483647;
			dstPath = "";
			dstSubfolderSpec = 13;
			files = (
				9520EA24251B415800420BD0 /* SImpleWidgetExtension.appex in Embed App Extensions */,
			);
			name = "Embed App Extensions";
			runOnlyForDeploymentPostprocessing = 0;
		};
/* End PBXCopyFilesBuildPhase section */

/* Begin PBXFileReference section */
		9520E9FF251B404B00420BD0 /* WidgetInSwiftUI.app */ = {isa = PBXFileReference; explicitFileType = wrapper.application; includeInIndex = 0; path = WidgetInSwiftUI.app; sourceTree = BUILT_PRODUCTS_DIR; };
		9520EA02251B404B00420BD0 /* WidgetInSwiftUIApp.swift */ = {isa = PBXFileReference; lastKnownFileType = sourcecode.swift; path = WidgetInSwiftUIApp.swift; sourceTree = "<group>"; };
		9520EA04251B404B00420BD0 /* ContentView.swift */ = {isa = PBXFileReference; lastKnownFileType = sourcecode.swift; path = ContentView.swift; sourceTree = "<group>"; };
		9520EA06251B405000420BD0 /* Assets.xcassets */ = {isa = PBXFileReference; lastKnownFileType = folder.assetcatalog; path = Assets.xcassets; sourceTree = "<group>"; };
		9520EA09251B405000420BD0 /* Preview Assets.xcassets */ = {isa = PBXFileReference; lastKnownFileType = folder.assetcatalog; path = "Preview Assets.xcassets"; sourceTree = "<group>"; };
		9520EA0B251B405000420BD0 /* Info.plist */ = {isa = PBXFileReference; lastKnownFileType = text.plist.xml; path = Info.plist; sourceTree = "<group>"; };
		9520EA16251B415500420BD0 /* SImpleWidgetExtension.appex */ = {isa = PBXFileReference; explicitFileType = "wrapper.app-extension"; includeInIndex = 0; path = SImpleWidgetExtension.appex; sourceTree = BUILT_PRODUCTS_DIR; };
		9520EA18251B415600420BD0 /* WidgetKit.framework */ = {isa = PBXFileReference; lastKnownFileType = wrapper.framework; name = WidgetKit.framework; path = System/Library/Frameworks/WidgetKit.framework; sourceTree = SDKROOT; };
		9520EA1A251B415600420BD0 /* SwiftUI.framework */ = {isa = PBXFileReference; lastKnownFileType = wrapper.framework; name = SwiftUI.framework; path = System/Library/Frameworks/SwiftUI.framework; sourceTree = SDKROOT; };
		9520EA1D251B415600420BD0 /* SImpleWidget.swift */ = {isa = PBXFileReference; lastKnownFileType = sourcecode.swift; path = SImpleWidget.swift; sourceTree = "<group>"; };
		9520EA1F251B415800420BD0 /* Assets.xcassets */ = {isa = PBXFileReference; lastKnownFileType = folder.assetcatalog; path = Assets.xcassets; sourceTree = "<group>"; };
		9520EA21251B415800420BD0 /* Info.plist */ = {isa = PBXFileReference; lastKnownFileType = text.plist.xml; path = Info.plist; sourceTree = "<group>"; };
/* End PBXFileReference section */

/* Begin PBXFrameworksBuildPhase section */
		9520E9FC251B404B00420BD0 /* Frameworks */ = {
			isa = PBXFrameworksBuildPhase;
			buildActionMask = 2147483647;
			files = (
			);
			runOnlyForDeploymentPostprocessing = 0;
		};
		9520EA13251B415500420BD0 /* Frameworks */ = {
			isa = PBXFrameworksBuildPhase;
			buildActionMask = 2147483647;
			files = (
				9520EA1B251B415600420BD0 /* SwiftUI.framework in Frameworks */,
				9520EA19251B415600420BD0 /* WidgetKit.framework in Frameworks */,
			);
			runOnlyForDeploymentPostprocessing = 0;
		};
/* End PBXFrameworksBuildPhase section */

/* Begin PBXGroup section */
		9520E9F6251B404B00420BD0 = {
			isa = PBXGroup;
			children = (
				9520EA01251B404B00420BD0 /* WidgetInSwiftUI */,
				9520EA1C251B415600420BD0 /* SImpleWidget */,
				9520EA17251B415600420BD0 /* Frameworks */,
				9520EA00251B404B00420BD0 /* Products */,
			);
			sourceTree = "<group>";
		};
		9520EA00251B404B00420BD0 /* Products */ = {
			isa = PBXGroup;
			children = (
				9520E9FF251B404B00420BD0 /* WidgetInSwiftUI.app */,
				9520EA16251B415500420BD0 /* SImpleWidgetExtension.appex */,
			);
			name = Products;
			sourceTree = "<group>";
		};
		9520EA01251B404B00420BD0 /* WidgetInSwiftUI */ = {
			isa = PBXGroup;
			children = (
				9520EA02251B404B00420BD0 /* WidgetInSwiftUIApp.swift */,
				9520EA04251B404B00420BD0 /* ContentView.swift */,
				9520EA06251B405000420BD0 /* Assets.xcassets */,
				9520EA0B251B405000420BD0 /* Info.plist */,
				9520EA08251B405000420BD0 /* Preview Content */,
			);
			path = WidgetInSwiftUI;
			sourceTree = "<group>";
		};
		9520EA08251B405000420BD0 /* Preview Content */ = {
			isa = PBXGroup;
			children = (
				9520EA09251B405000420BD0 /* Preview Assets.xcassets */,
			);
			path = "Preview Content";
			sourceTree = "<group>";
		};
		9520EA17251B415600420BD0 /* Frameworks */ = {
			isa = PBXGroup;
			children = (
				9520EA18251B415600420BD0 /* WidgetKit.framework */,
				9520EA1A251B415600420BD0 /* SwiftUI.framework */,
			);
			name = Frameworks;
			sourceTree = "<group>";
		};
		9520EA1C251B415600420BD0 /* SImpleWidget */ = {
			isa = PBXGroup;
			children = (
				9520EA1D251B415600420BD0 /* SImpleWidget.swift */,
				9520EA1F251B415800420BD0 /* Assets.xcassets */,
				9520EA21251B415800420BD0 /* Info.plist */,
			);
			path = SImpleWidget;
			sourceTree = "<group>";
		};
/* End PBXGroup section */

/* Begin PBXNativeTarget section */
		9520E9FE251B404B00420BD0 /* WidgetInSwiftUI */ = {
			isa = PBXNativeTarget;
			buildConfigurationList = 9520EA0E251B405000420BD0 /* Build configuration list for PBXNativeTarget "WidgetInSwiftUI" */;
			buildPhases = (
				9520E9FB251B404B00420BD0 /* Sources */,
				9520E9FC251B404B00420BD0 /* Frameworks */,
				9520E9FD251B404B00420BD0 /* Resources */,
				9520EA28251B415800420BD0 /* Embed App Extensions */,
			);
			buildRules = (
			);
			dependencies = (
				9520EA23251B415800420BD0 /* PBXTargetDependency */,
			);
			name = WidgetInSwiftUI;
			productName = WidgetInSwiftUI;
			productReference = 9520E9FF251B404B00420BD0 /* WidgetInSwiftUI.app */;
			productType = "com.apple.product-type.application";
		};
		9520EA15251B415500420BD0 /* SImpleWidgetExtension */ = {
			isa = PBXNativeTarget;
			buildConfigurationList = 9520EA25251B415800420BD0 /* Build configuration list for PBXNativeTarget "SImpleWidgetExtension" */;
			buildPhases = (
				9520EA12251B415500420BD0 /* Sources */,
				9520EA13251B415500420BD0 /* Frameworks */,
				9520EA14251B415500420BD0 /* Resources */,
			);
			buildRules = (
			);
			dependencies = (
			);
			name = SImpleWidgetExtension;
			productName = SImpleWidgetExtension;
			productReference = 9520EA16251B415500420BD0 /* SImpleWidgetExtension.appex */;
			productType = "com.apple.product-type.app-extension";
		};
/* End PBXNativeTarget section */

/* Begin PBXProject section */
		9520E9F7251B404B00420BD0 /* Project object */ = {
			isa = PBXProject;
			attributes = {
				LastSwiftUpdateCheck = 1200;
				LastUpgradeCheck = 1200;
				TargetAttributes = {
					9520E9FE251B404B00420BD0 = {
						CreatedOnToolsVersion = 12.0;
					};
					9520EA15251B415500420BD0 = {
						CreatedOnToolsVersion = 12.0;
					};
				};
			};
			buildConfigurationList = 9520E9FA251B404B00420BD0 /* Build configuration list for PBXProject "WidgetInSwiftUI" */;
			compatibilityVersion = "Xcode 9.3";
			developmentRegion = en;
			hasScannedForEncodings = 0;
			knownRegions = (
				en,
				Base,
			);
			mainGroup = 9520E9F6251B404B00420BD0;
			productRefGroup = 9520EA00251B404B00420BD0 /* Products */;
			projectDirPath = "";
			projectRoot = "";
			targets = (
				9520E9FE251B404B00420BD0 /* WidgetInSwiftUI */,
				9520EA15251B415500420BD0 /* SImpleWidgetExtension */,
			);
		};
/* End PBXProject section */

/* Begin PBXResourcesBuildPhase section */
		9520E9FD251B404B00420BD0 /* Resources */ = {
			isa = PBXResourcesBuildPhase;
			buildActionMask = 2147483647;
			files = (
				9520EA0A251B405000420BD0 /* Preview Assets.xcassets in Resources */,
				9520EA07251B405000420BD0 /* Assets.xcassets in Resources */,
			);
			runOnlyForDeploymentPostprocessing = 0;
		};
		9520EA14251B415500420BD0 /* Resources */ = {
			isa = PBXResourcesBuildPhase;
			buildActionMask = 2147483647;
			files = (
				9520EA20251B415800420BD0 /* Assets.xcassets in Resources */,
			);
			runOnlyForDeploymentPostprocessing = 0;
		};
/* End PBXResourcesBuildPhase section */

/* Begin PBXSourcesBuildPhase section */
		9520E9FB251B404B00420BD0 /* Sources */ = {
			isa = PBXSourcesBuildPhase;
			buildActionMask = 2147483647;
			files = (
				9520EA05251B404B00420BD0 /* ContentView.swift in Sources */,
				9520EA03251B404B00420BD0 /* WidgetInSwiftUIApp.swift in Sources */,
			);
			runOnlyForDeploymentPostprocessing = 0;
		};
		9520EA12251B415500420BD0 /* Sources */ = {
			isa = PBXSourcesBuildPhase;
			buildActionMask = 2147483647;
			files = (
				9520EA1E251B415600420BD0 /* SImpleWidget.swift in Sources */,
			);
			runOnlyForDeploymentPostprocessing = 0;
		};
/* End PBXSourcesBuildPhase section */

/* Begin PBXTargetDependency section */
		9520EA23251B415800420BD0 /* PBXTargetDependency */ = {
			isa = PBXTargetDependency;
			target = 9520EA15251B415500420BD0 /* SImpleWidgetExtension */;
			targetProxy = 9520EA22251B415800420BD0 /* PBXContainerItemProxy */;
		};
/* End PBXTargetDependency section */

/* Begin XCBuildConfiguration section */
		9520EA0C251B405000420BD0 /* Debug */ = {
			isa = XCBuildConfiguration;
			buildSettings = {
				ALWAYS_SEARCH_USER_PATHS = NO;
				CLANG_ANALYZER_NONNULL = YES;
				CLANG_ANALYZER_NUMBER_OBJECT_CONVERSION = YES_AGGRESSIVE;
				CLANG_CXX_LANGUAGE_STANDARD = "gnu++14";
				CLANG_CXX_LIBRARY = "libc++";
				CLANG_ENABLE_MODULES = YES;
				CLANG_ENABLE_OBJC_ARC = YES;
				CLANG_ENABLE_OBJC_WEAK = YES;
				CLANG_WARN_BLOCK_CAPTURE_AUTORELEASING = YES;
				CLANG_WARN_BOOL_CONVERSION = YES;
				CLANG_WARN_COMMA = YES;
				CLANG_WARN_CONSTANT_CONVERSION = YES;
				CLANG_WARN_DEPRECATED_OBJC_IMPLEMENTATIONS = YES;
				CLANG_WARN_DIRECT_OBJC_ISA_USAGE = YES_ERROR;
				CLANG_WARN_DOCUMENTATION_COMMENTS = YES;
				CLANG_WARN_EMPTY_BODY = YES;
				CLANG_WARN_ENUM_CONVERSION = YES;
				CLANG_WARN_INFINITE_RECURSION = YES;
				CLANG_WARN_INT_CONVERSION = YES;
				CLANG_WARN_NON_LITERAL_NULL_CONVERSION = YES;
				CLANG_WARN_OBJC_IMPLICIT_RETAIN_SELF = YES;
				CLANG_WARN_OBJC_LITERAL_CONVERSION = YES;
				CLANG_WARN_OBJC_ROOT_CLASS = YES_ERROR;
				CLANG_WARN_QUOTED_INCLUDE_IN_FRAMEWORK_HEADER = YES;
				CLANG_WARN_RANGE_LOOP_ANALYSIS = YES;
				CLANG_WARN_STRICT_PROTOTYPES = YES;
				CLANG_WARN_SUSPICIOUS_MOVE = YES;
				CLANG_WARN_UNGUARDED_AVAILABILITY = YES_AGGRESSIVE;
				CLANG_WARN_UNREACHABLE_CODE = YES;
				CLANG_WARN__DUPLICATE_METHOD_MATCH = YES;
				COPY_PHASE_STRIP = NO;
				DEBUG_INFORMATION_FORMAT = dwarf;
				ENABLE_STRICT_OBJC_MSGSEND = YES;
				ENABLE_TESTABILITY = YES;
				GCC_C_LANGUAGE_STANDARD = gnu11;
				GCC_DYNAMIC_NO_PIC = NO;
				GCC_NO_COMMON_BLOCKS = YES;
				GCC_OPTIMIZATION_LEVEL = 0;
				GCC_PREPROCESSOR_DEFINITIONS = (
					"DEBUG=1",
					"$(inherited)",
				);
				GCC_WARN_64_TO_32_BIT_CONVERSION = YES;
				GCC_WARN_ABOUT_RETURN_TYPE = YES_ERROR;
				GCC_WARN_UNDECLARED_SELECTOR = YES;
				GCC_WARN_UNINITIALIZED_AUTOS = YES_AGGRESSIVE;
				GCC_WARN_UNUSED_FUNCTION = YES;
				GCC_WARN_UNUSED_VARIABLE = YES;
				IPHONEOS_DEPLOYMENT_TARGET = 14.0;
				MTL_ENABLE_DEBUG_INFO = INCLUDE_SOURCE;
				MTL_FAST_MATH = YES;
				ONLY_ACTIVE_ARCH = YES;
				SDKROOT = iphoneos;
				SWIFT_ACTIVE_COMPILATION_CONDITIONS = DEBUG;
				SWIFT_OPTIMIZATION_LEVEL = "-Onone";
			};
			name = Debug;
		};
		9520EA0D251B405000420BD0 /* Release */ = {
			isa = XCBuildConfiguration;
			buildSettings = {
				ALWAYS_SEARCH_USER_PATHS = NO;
				CLANG_ANALYZER_NONNULL = YES;
				CLANG_ANALYZER_NUMBER_OBJECT_CONVERSION = YES_AGGRESSIVE;
				CLANG_CXX_LANGUAGE_STANDARD = "gnu++14";
				CLANG_CXX_LIBRARY = "libc++";
				CLANG_ENABLE_MODULES = YES;
				CLANG_ENABLE_OBJC_ARC = YES;
				CLANG_ENABLE_OBJC_WEAK = YES;
				CLANG_WARN_BLOCK_CAPTURE_AUTORELEASING = YES;
				CLANG_WARN_BOOL_CONVERSION = YES;
				CLANG_WARN_COMMA = YES;
				CLANG_WARN_CONSTANT_CONVERSION = YES;
				CLANG_WARN_DEPRECATED_OBJC_IMPLEMENTATIONS = YES;
				CLANG_WARN_DIRECT_OBJC_ISA_USAGE = YES_ERROR;
				CLANG_WARN_DOCUMENTATION_COMMENTS = YES;
				CLANG_WARN_EMPTY_BODY = YES;
				CLANG_WARN_ENUM_CONVERSION = YES;
				CLANG_WARN_INFINITE_RECURSION = YES;
				CLANG_WARN_INT_CONVERSION = YES;
				CLANG_WARN_NON_LITERAL_NULL_CONVERSION = YES;
				CLANG_WARN_OBJC_IMPLICIT_RETAIN_SELF = YES;
				CLANG_WARN_OBJC_LITERAL_CONVERSION = YES;
				CLANG_WARN_OBJC_ROOT_CLASS = YES_ERROR;
				CLANG_WARN_QUOTED_INCLUDE_IN_FRAMEWORK_HEADER = YES;
				CLANG_WARN_RANGE_LOOP_ANALYSIS = YES;
				CLANG_WARN_STRICT_PROTOTYPES = YES;
				CLANG_WARN_SUSPICIOUS_MOVE = YES;
				CLANG_WARN_UNGUARDED_AVAILABILITY = YES_AGGRESSIVE;
				CLANG_WARN_UNREACHABLE_CODE = YES;
				CLANG_WARN__DUPLICATE_METHOD_MATCH = YES;
				COPY_PHASE_STRIP = NO;
				DEBUG_INFORMATION_FORMAT = "dwarf-with-dsym";
				ENABLE_NS_ASSERTIONS = NO;
				ENABLE_STRICT_OBJC_MSGSEND = YES;
				GCC_C_LANGUAGE_STANDARD = gnu11;
				GCC_NO_COMMON_BLOCKS = YES;
				GCC_WARN_64_TO_32_BIT_CONVERSION = YES;
				GCC_WARN_ABOUT_RETURN_TYPE = YES_ERROR;
				GCC_WARN_UNDECLARED_SELECTOR = YES;
				GCC_WARN_UNINITIALIZED_AUTOS = YES_AGGRESSIVE;
				GCC_WARN_UNUSED_FUNCTION = YES;
				GCC_WARN_UNUSED_VARIABLE = YES;
				IPHONEOS_DEPLOYMENT_TARGET = 14.0;
				MTL_ENABLE_DEBUG_INFO = NO;
				MTL_FAST_MATH = YES;
				SDKROOT = iphoneos;
				SWIFT_COMPILATION_MODE = wholemodule;
				SWIFT_OPTIMIZATION_LEVEL = "-O";
				VALIDATE_PRODUCT = YES;
			};
			name = Release;
		};
		9520EA0F251B405000420BD0 /* Debug */ = {
			isa = XCBuildConfiguration;
			buildSettings = {
				ALWAYS_EMBED_SWIFT_STANDARD_LIBRARIES = YES;
				ASSETCATALOG_COMPILER_APPICON_NAME = AppIcon;
				ASSETCATALOG_COMPILER_GLOBAL_ACCENT_COLOR_NAME = AccentColor;
				CODE_SIGN_STYLE = Automatic;
				DEVELOPMENT_ASSET_PATHS = "\"WidgetInSwiftUI/Preview Content\"";
				DEVELOPMENT_TEAM = L8W86DZDY2;
				ENABLE_PREVIEWS = YES;
				INFOPLIST_FILE = WidgetInSwiftUI/Info.plist;
				IPHONEOS_DEPLOYMENT_TARGET = 14.0;
				LD_RUNPATH_SEARCH_PATHS = (
					"$(inherited)",
					"@executable_path/Frameworks",
				);
				PRODUCT_BUNDLE_IDENTIFIER = com.ri.WidgetInSwiftUI;
				PRODUCT_NAME = "$(TARGET_NAME)";
				SWIFT_VERSION = 5.0;
				TARGETED_DEVICE_FAMILY = "1,2";
			};
			name = Debug;
		};
		9520EA10251B405000420BD0 /* Release */ = {
			isa = XCBuildConfiguration;
			buildSettings = {
				ALWAYS_EMBED_SWIFT_STANDARD_LIBRARIES = YES;
				ASSETCATALOG_COMPILER_APPICON_NAME = AppIcon;
				ASSETCATALOG_COMPILER_GLOBAL_ACCENT_COLOR_NAME = AccentColor;
				CODE_SIGN_STYLE = Automatic;
				DEVELOPMENT_ASSET_PATHS = "\"WidgetInSwiftUI/Preview Content\"";
				DEVELOPMENT_TEAM = L8W86DZDY2;
				ENABLE_PREVIEWS = YES;
				INFOPLIST_FILE = WidgetInSwiftUI/Info.plist;
				IPHONEOS_DEPLOYMENT_TARGET = 14.0;
				LD_RUNPATH_SEARCH_PATHS = (
					"$(inherited)",
					"@executable_path/Frameworks",
				);
				PRODUCT_BUNDLE_IDENTIFIER = com.ri.WidgetInSwiftUI;
				PRODUCT_NAME = "$(TARGET_NAME)";
				SWIFT_VERSION = 5.0;
				TARGETED_DEVICE_FAMILY = "1,2";
			};
			name = Release;
		};
		9520EA26251B415800420BD0 /* Debug */ = {
			isa = XCBuildConfiguration;
			buildSettings = {
				ASSETCATALOG_COMPILER_GLOBAL_ACCENT_COLOR_NAME = AccentColor;
				ASSETCATALOG_COMPILER_WIDGET_BACKGROUND_COLOR_NAME = WidgetBackground;
				CODE_SIGN_STYLE = Automatic;
				DEVELOPMENT_TEAM = L8W86DZDY2;
				INFOPLIST_FILE = SImpleWidget/Info.plist;
				LD_RUNPATH_SEARCH_PATHS = (
					"$(inherited)",
					"@executable_path/Frameworks",
					"@executable_path/../../Frameworks",
				);
				PRODUCT_BUNDLE_IDENTIFIER = com.ri.WidgetInSwiftUI.SImpleWidget;
				PRODUCT_NAME = "$(TARGET_NAME)";
				SKIP_INSTALL = YES;
				SWIFT_VERSION = 5.0;
				TARGETED_DEVICE_FAMILY = "1,2";
			};
			name = Debug;
		};
		9520EA27251B415800420BD0 /* Release */ = {
			isa = XCBuildConfiguration;
			buildSettings = {
				ASSETCATALOG_COMPILER_GLOBAL_ACCENT_COLOR_NAME = AccentColor;
				ASSETCATALOG_COMPILER_WIDGET_BACKGROUND_COLOR_NAME = WidgetBackground;
				CODE_SIGN_STYLE = Automatic;
				DEVELOPMENT_TEAM = L8W86DZDY2;
				INFOPLIST_FILE = SImpleWidget/Info.plist;
				LD_RUNPATH_SEARCH_PATHS = (
					"$(inherited)",
					"@executable_path/Frameworks",
					"@executable_path/../../Frameworks",
				);
				PRODUCT_BUNDLE_IDENTIFIER = com.ri.WidgetInSwiftUI.SImpleWidget;
				PRODUCT_NAME = "$(TARGET_NAME)";
				SKIP_INSTALL = YES;
				SWIFT_VERSION = 5.0;
				TARGETED_DEVICE_FAMILY = "1,2";
			};
			name = Release;
		};
/* End XCBuildConfiguration section */

/* Begin XCConfigurationList section */
		9520E9FA251B404B00420BD0 /* Build configuration list for PBXProject "WidgetInSwiftUI" */ = {
			isa = XCConfigurationList;
			buildConfigurations = (
				9520EA0C251B405000420BD0 /* Debug */,
				9520EA0D251B405000420BD0 /* Release */,
			);
			defaultConfigurationIsVisible = 0;
			defaultConfigurationName = Release;
		};
		9520EA0E251B405000420BD0 /* Build configuration list for PBXNativeTarget "WidgetInSwiftUI" */ = {
			isa = XCConfigurationList;
			buildConfigurations = (
				9520EA0F251B405000420BD0 /* Debug */,
				9520EA10251B405000420BD0 /* Release */,
			);
			defaultConfigurationIsVisible = 0;
			defaultConfigurationName = Release;
		};
		9520EA25251B415800420BD0 /* Build configuration list for PBXNativeTarget "SImpleWidgetExtension" */ = {
			isa = XCConfigurationList;
			buildConfigurations = (
				9520EA26251B415800420BD0 /* Debug */,
				9520EA27251B415800420BD0 /* Release */,
			);
			defaultConfigurationIsVisible = 0;
			defaultConfigurationName = Release;
		};
/* End XCConfigurationList section */
	};
	rootObject = 9520E9F7251B404B00420BD0 /* Project object */;
}
